
Microsoft Visual Studio Solution File, Format Version 12.00
# Visual Studio Version 17
VisualStudioVersion = 17.13.35825.156 d17.13
MinimumVisualStudioVersion = 10.0.40219.1
Project("{FAE04EC0-301F-11D3-BF4B-00C04F79EFBC}") = "TestBus1", "TestBus1.csproj", "{8082DDEE-F8F0-446C-9853-BF627EB031BE}"
EndProject
Global
	GlobalSection(SolutionConfigurationPlatforms) = preSolution
		Debug|Any CPU = Debug|Any CPU
		Release|Any CPU = Release|Any CPU
	EndGlobalSection
	GlobalSection(ProjectConfigurationPlatforms) = postSolution
		{8082DDEE-F8F0-446C-9853-BF627EB031BE}.Debug|Any CPU.ActiveCfg = Debug|Any CPU
		{8082DDEE-F8F0-446C-9853-BF627EB031BE}.Debug|Any CPU.Build.0 = Debug|Any CPU
		{8082DDEE-F8F0-446C-9853-BF627EB031BE}.Release|Any CPU.ActiveCfg = Release|Any CPU
		{8082DDEE-F8F0-446C-9853-BF627EB031BE}.Release|Any CPU.Build.0 = Release|Any CPU
	EndGlobalSection
	GlobalSection(SolutionProperties) = preSolution
		HideSolutionNode = FALSE
	EndGlobalSection
	GlobalSection(ExtensibilityGlobals) = postSolution
		SolutionGuid = {B76DE7B7-4A7B-4CBF-B31F-0442B018EA09}
	EndGlobalSection
EndGlobal
